// !$*UTF8*$!
{
	archiveVersion = 1;
	classes = {
	};
	objectVersion = 46;
	objects = {

/* Begin PBXBuildFile section */
		687C52951BA8287900F778CB /* main.m in Sources */ = {isa = PBXBuildFile; fileRef = 687C52941BA8287900F778CB /* main.m */; };
		687C52981BA8287900F778CB /* AppDelegate.m in Sources */ = {isa = PBXBuildFile; fileRef = 687C52971BA8287900F778CB /* AppDelegate.m */; };
		687C529B1BA8287900F778CB /* InterviewTesting.xcdatamodeld in Sources */ = {isa = PBXBuildFile; fileRef = 687C52991BA8287900F778CB /* InterviewTesting.xcdatamodeld */; };
		687C529E1BA8287900F778CB /* MainViewController.m in Sources */ = {isa = PBXBuildFile; fileRef = 687C529D1BA8287900F778CB /* MainViewController.m */; };
		687C52A11BA8287900F778CB /* Main.storyboard in Resources */ = {isa = PBXBuildFile; fileRef = 687C529F1BA8287900F778CB /* Main.storyboard */; };
		687C52A31BA8287900F778CB /* Images.xcassets in Resources */ = {isa = PBXBuildFile; fileRef = 687C52A21BA8287900F778CB /* Images.xcassets */; };
		687C52A61BA8287900F778CB /* LaunchScreen.xib in Resources */ = {isa = PBXBuildFile; fileRef = 687C52A41BA8287900F778CB /* LaunchScreen.xib */; };
		687C52B21BA8287900F778CB /* InterviewTestingTests.m in Sources */ = {isa = PBXBuildFile; fileRef = 687C52B11BA8287900F778CB /* InterviewTestingTests.m */; };
/* End PBXBuildFile section */

/* Begin PBXContainerItemProxy section */
		687C52AC1BA8287900F778CB /* PBXContainerItemProxy */ = {
			isa = PBXContainerItemProxy;
			containerPortal = 687C52871BA8287900F778CB /* Project object */;
			proxyType = 1;
			remoteGlobalIDString = 687C528E1BA8287900F778CB;
			remoteInfo = InterviewTesting;
		};
/* End PBXContainerItemProxy section */

/* Begin PBXFileReference section */
		687C528F1BA8287900F778CB /* InterviewTesting.app */ = {isa = PBXFileReference; explicitFileType = wrapper.application; includeInIndex = 0; path = InterviewTesting.app; sourceTree = BUILT_PRODUCTS_DIR; };
		687C52931BA8287900F778CB /* Info.plist */ = {isa = PBXFileReference; lastKnownFileType = text.plist.xml; path = Info.plist; sourceTree = "<group>"; };
		687C52941BA8287900F778CB /* main.m */ = {isa = PBXFileReference; lastKnownFileType = sourcecode.c.objc; path = main.m; sourceTree = "<group>"; };
		687C52961BA8287900F778CB /* AppDelegate.h */ = {isa = PBXFileReference; lastKnownFileType = sourcecode.c.h; path = AppDelegate.h; sourceTree = "<group>"; };
		687C52971BA8287900F778CB /* AppDelegate.m */ = {isa = PBXFileReference; lastKnownFileType = sourcecode.c.objc; path = AppDelegate.m; sourceTree = "<group>"; };
		687C529A1BA8287900F778CB /* InterviewTesting.xcdatamodel */ = {isa = PBXFileReference; lastKnownFileType = wrapper.xcdatamodel; path = InterviewTesting.xcdatamodel; sourceTree = "<group>"; };
		687C529C1BA8287900F778CB /* MainViewController.h */ = {isa = PBXFileReference; lastKnownFileType = sourcecode.c.h; path = MainViewController.h; sourceTree = "<group>"; };
		687C529D1BA8287900F778CB /* MainViewController.m */ = {isa = PBXFileReference; lastKnownFileType = sourcecode.c.objc; path = MainViewController.m; sourceTree = "<group>"; };
		687C52A01BA8287900F778CB /* Base */ = {isa = PBXFileReference; lastKnownFileType = file.storyboard; name = Base; path = Base.lproj/Main.storyboard; sourceTree = "<group>"; };
		687C52A21BA8287900F778CB /* Images.xcassets */ = {isa = PBXFileReference; lastKnownFileType = folder.assetcatalog; path = Images.xcassets; sourceTree = "<group>"; };
		687C52A51BA8287900F778CB /* Base */ = {isa = PBXFileReference; lastKnownFileType = file.xib; name = Base; path = Base.lproj/LaunchScreen.xib; sourceTree = "<group>"; };
		687C52AB1BA8287900F778CB /* InterviewTestingTests.xctest */ = {isa = PBXFileReference; explicitFileType = wrapper.cfbundle; includeInIndex = 0; path = InterviewTestingTests.xctest; sourceTree = BUILT_PRODUCTS_DIR; };
		687C52B01BA8287900F778CB /* Info.plist */ = {isa = PBXFileReference; lastKnownFileType = text.plist.xml; path = Info.plist; sourceTree = "<group>"; };
		687C52B11BA8287900F778CB /* InterviewTestingTests.m */ = {isa = PBXFileReference; lastKnownFileType = sourcecode.c.objc; path = InterviewTestingTests.m; sourceTree = "<group>"; };
/* End PBXFileReference section */

/* Begin PBXFrameworksBuildPhase section */
		687C528C1BA8287900F778CB /* Frameworks */ = {
			isa = PBXFrameworksBuildPhase;
			buildActionMask = 2147483647;
			files = (
			);
			runOnlyForDeploymentPostprocessing = 0;
		};
		687C52A81BA8287900F778CB /* Frameworks */ = {
			isa = PBXFrameworksBuildPhase;
			buildActionMask = 2147483647;
			files = (
			);
			runOnlyForDeploymentPostprocessing = 0;
		};
/* End PBXFrameworksBuildPhase section */

/* Begin PBXGroup section */
		687C52861BA8287900F778CB = {
			isa = PBXGroup;
			children = (
				687C52911BA8287900F778CB /* InterviewTesting */,
				687C52AE1BA8287900F778CB /* InterviewTestingTests */,
				687C52901BA8287900F778CB /* Products */,
			);
			sourceTree = "<group>";
		};
		687C52901BA8287900F778CB /* Products */ = {
			isa = PBXGroup;
			children = (
				687C528F1BA8287900F778CB /* InterviewTesting.app */,
				687C52AB1BA8287900F778CB /* InterviewTestingTests.xctest */,
			);
			name = Products;
			sourceTree = "<group>";
		};
		687C52911BA8287900F778CB /* InterviewTesting */ = {
			isa = PBXGroup;
			children = (
				687C52961BA8287900F778CB /* AppDelegate.h */,
				687C52971BA8287900F778CB /* AppDelegate.m */,
				687C529C1BA8287900F778CB /* MainViewController.h */,
				687C529D1BA8287900F778CB /* MainViewController.m */,
				687C529F1BA8287900F778CB /* Main.storyboard */,
				687C52A21BA8287900F778CB /* Images.xcassets */,
				687C52A41BA8287900F778CB /* LaunchScreen.xib */,
				687C52991BA8287900F778CB /* InterviewTesting.xcdatamodeld */,
				687C52921BA8287900F778CB /* Supporting Files */,
			);
			path = InterviewTesting;
			sourceTree = "<group>";
		};
		687C52921BA8287900F778CB /* Supporting Files */ = {
			isa = PBXGroup;
			children = (
				687C52931BA8287900F778CB /* Info.plist */,
				687C52941BA8287900F778CB /* main.m */,
			);
			name = "Supporting Files";
			sourceTree = "<group>";
		};
		687C52AE1BA8287900F778CB /* InterviewTestingTests */ = {
			isa = PBXGroup;
			children = (
				687C52B11BA8287900F778CB /* InterviewTestingTests.m */,
				687C52AF1BA8287900F778CB /* Supporting Files */,
			);
			path = InterviewTestingTests;
			sourceTree = "<group>";
		};
		687C52AF1BA8287900F778CB /* Supporting Files */ = {
			isa = PBXGroup;
			children = (
				687C52B01BA8287900F778CB /* Info.plist */,
			);
			name = "Supporting Files";
			sourceTree = "<group>";
		};
/* End PBXGroup section */

/* Begin PBXNativeTarget section */
		687C528E1BA8287900F778CB /* InterviewTesting */ = {
			isa = PBXNativeTarget;
			buildConfigurationList = 687C52B51BA8287900F778CB /* Build configuration list for PBXNativeTarget "InterviewTesting" */;
			buildPhases = (
				687C528B1BA8287900F778CB /* Sources */,
				687C528C1BA8287900F778CB /* Frameworks */,
				687C528D1BA8287900F778CB /* Resources */,
			);
			buildRules = (
			);
			dependencies = (
			);
			name = InterviewTesting;
			productName = InterviewTesting;
			productReference = 687C528F1BA8287900F778CB /* InterviewTesting.app */;
			productType = "com.apple.product-type.application";
		};
		687C52AA1BA8287900F778CB /* InterviewTestingTests */ = {
			isa = PBXNativeTarget;
			buildConfigurationList = 687C52B81BA8287900F778CB /* Build configuration list for PBXNativeTarget "InterviewTestingTests" */;
			buildPhases = (
				687C52A71BA8287900F778CB /* Sources */,
				687C52A81BA8287900F778CB /* Frameworks */,
				687C52A91BA8287900F778CB /* Resources */,
			);
			buildRules = (
			);
			dependencies = (
				687C52AD1BA8287900F778CB /* PBXTargetDependency */,
			);
			name = InterviewTestingTests;
			productName = InterviewTestingTests;
			productReference = 687C52AB1BA8287900F778CB /* InterviewTestingTests.xctest */;
			productType = "com.apple.product-type.bundle.unit-test";
		};
/* End PBXNativeTarget section */

/* Begin PBXProject section */
		687C52871BA8287900F778CB /* Project object */ = {
			isa = PBXProject;
			attributes = {
				LastUpgradeCheck = 0640;
				ORGANIZATIONNAME = "Long Vo";
				TargetAttributes = {
					687C528E1BA8287900F778CB = {
						CreatedOnToolsVersion = 6.4;
					};
					687C52AA1BA8287900F778CB = {
						CreatedOnToolsVersion = 6.4;
						TestTargetID = 687C528E1BA8287900F778CB;
					};
				};
			};
			buildConfigurationList = 687C528A1BA8287900F778CB /* Build configuration list for PBXProject "InterviewTesting" */;
			compatibilityVersion = "Xcode 3.2";
			developmentRegion = English;
			hasScannedForEncodings = 0;
			knownRegions = (
				en,
				Base,
			);
			mainGroup = 687C52861BA8287900F778CB;
			productRefGroup = 687C52901BA8287900F778CB /* Products */;
			projectDirPath = "";
			projectRoot = "";
			targets = (
				687C528E1BA8287900F778CB /* InterviewTesting */,
				687C52AA1BA8287900F778CB /* InterviewTestingTests */,
			);
		};
/* End PBXProject section */

/* Begin PBXResourcesBuildPhase section */
		687C528D1BA8287900F778CB /* Resources */ = {
			isa = PBXResourcesBuildPhase;
			buildActionMask = 2147483647;
			files = (
				687C52A11BA8287900F778CB /* Main.storyboard in Resources */,
				687C52A61BA8287900F778CB /* LaunchScreen.xib in Resources */,
				687C52A31BA8287900F778CB /* Images.xcassets in Resources */,
			);
			runOnlyForDeploymentPostprocessing = 0;
		};
		687C52A91BA8287900F778CB /* Resources */ = {
			isa = PBXResourcesBuildPhase;
			buildActionMask = 2147483647;
			files = (
			);
			runOnlyForDeploymentPostprocessing = 0;
		};
/* End PBXResourcesBuildPhase section */

/* Begin PBXSourcesBuildPhase section */
		687C528B1BA8287900F778CB /* Sources */ = {
			isa = PBXSourcesBuildPhase;
			buildActionMask = 2147483647;
			files = (
				687C52981BA8287900F778CB /* AppDelegate.m in Sources */,
				687C52951BA8287900F778CB /* main.m in Sources */,
				687C529E1BA8287900F778CB /* MainViewController.m in Sources */,
				687C529B1BA8287900F778CB /* InterviewTesting.xcdatamodeld in Sources */,
			);
			runOnlyForDeploymentPostprocessing = 0;
		};
		687C52A71BA8287900F778CB /* Sources */ = {
			isa = PBXSourcesBuildPhase;
			buildActionMask = 2147483647;
			files = (
				687C52B21BA8287900F778CB /* InterviewTestingTests.m in Sources */,
			);
			runOnlyForDeploymentPostprocessing = 0;
		};
/* End PBXSourcesBuildPhase section */

/* Begin PBXTargetDependency section */
		687C52AD1BA8287900F778CB /* PBXTargetDependency */ = {
			isa = PBXTargetDependency;
			target = 687C528E1BA8287900F778CB /* InterviewTesting */;
			targetProxy = 687C52AC1BA8287900F778CB /* PBXContainerItemProxy */;
		};
/* End PBXTargetDependency section */

/* Begin PBXVariantGroup section */
		687C529F1BA8287900F778CB /* Main.storyboard */ = {
			isa = PBXVariantGroup;
			children = (
				687C52A01BA8287900F778CB /* Base */,
			);
			name = Main.storyboard;
			sourceTree = "<group>";
		};
		687C52A41BA8287900F778CB /* LaunchScreen.xib */ = {
			isa = PBXVariantGroup;
			children = (
				687C52A51BA8287900F778CB /* Base */,
			);
			name = LaunchScreen.xib;
			sourceTree = "<group>";
		};
/* End PBXVariantGroup section */

/* Begin XCBuildConfiguration section */
		687C52B31BA8287900F778CB /* Debug */ = {
			isa = XCBuildConfiguration;
			buildSettings = {
				ALWAYS_SEARCH_USER_PATHS = NO;
				CLANG_CXX_LANGUAGE_STANDARD = "gnu++0x";
				CLANG_CXX_LIBRARY = "libc++";
				CLANG_ENABLE_MODULES = YES;
				CLANG_ENABLE_OBJC_ARC = YES;
				CLANG_WARN_BOOL_CONVERSION = YES;
				CLANG_WARN_CONSTANT_CONVERSION = YES;
				CLANG_WARN_DIRECT_OBJC_ISA_USAGE = YES_ERROR;
				CLANG_WARN_EMPTY_BODY = YES;
				CLANG_WARN_ENUM_CONVERSION = YES;
				CLANG_WARN_INT_CONVERSION = YES;
				CLANG_WARN_OBJC_ROOT_CLASS = YES_ERROR;
				CLANG_WARN_UNREACHABLE_CODE = YES;
				CLANG_WARN__DUPLICATE_METHOD_MATCH = YES;
				"CODE_SIGN_IDENTITY[sdk=iphoneos*]" = "iPhone Developer";
				COPY_PHASE_STRIP = NO;
				DEBUG_INFORMATION_FORMAT = "dwarf-with-dsym";
				ENABLE_STRICT_OBJC_MSGSEND = YES;
				GCC_C_LANGUAGE_STANDARD = gnu99;
				GCC_DYNAMIC_NO_PIC = NO;
				GCC_NO_COMMON_BLOCKS = YES;
				GCC_OPTIMIZATION_LEVEL = 0;
				GCC_PREPROCESSOR_DEFINITIONS = (
					"DEBUG=1",
					"$(inherited)",
				);
				GCC_SYMBOLS_PRIVATE_EXTERN = NO;
				GCC_WARN_64_TO_32_BIT_CONVERSION = YES;
				GCC_WARN_ABOUT_RETURN_TYPE = YES_ERROR;
				GCC_WARN_UNDECLARED_SELECTOR = YES;
				GCC_WARN_UNINITIALIZED_AUTOS = YES_AGGRESSIVE;
				GCC_WARN_UNUSED_FUNCTION = YES;
				GCC_WARN_UNUSED_VARIABLE = YES;
				IPHONEOS_DEPLOYMENT_TARGET = 8.4;
				MTL_ENABLE_DEBUG_INFO = YES;
				ONLY_ACTIVE_ARCH = YES;
				SDKROOT = iphoneos;
				TARGETED_DEVICE_FAMILY = "1,2";
			};
			name = Debug;
		};
		687C52B41BA8287900F778CB /* Release */ = {
			isa = XCBuildConfiguration;
			buildSettings = {
				ALWAYS_SEARCH_USER_PATHS = NO;
				CLANG_CXX_LANGUAGE_STANDARD = "gnu++0x";
				CLANG_CXX_LIBRARY = "libc++";
				CLANG_ENABLE_MODULES = YES;
				CLANG_ENABLE_OBJC_ARC = YES;
				CLANG_WARN_BOOL_CONVERSION = YES;
				CLANG_WARN_CONSTANT_CONVERSION = YES;
				CLANG_WARN_DIRECT_OBJC_ISA_USAGE = YES_ERROR;
				CLANG_WARN_EMPTY_BODY = YES;
				CLANG_WARN_ENUM_CONVERSION = YES;
				CLANG_WARN_INT_CONVERSION = YES;
				CLANG_WARN_OBJC_ROOT_CLASS = YES_ERROR;
				CLANG_WARN_UNREACHABLE_CODE = YES;
				CLANG_WARN__DUPLICATE_METHOD_MATCH = YES;
				"CODE_SIGN_IDENTITY[sdk=iphoneos*]" = "iPhone Developer";
				COPY_PHASE_STRIP = NO;
				DEBUG_INFORMATION_FORMAT = "dwarf-with-dsym";
				ENABLE_NS_ASSERTIONS = NO;
				ENABLE_STRICT_OBJC_MSGSEND = YES;
				GCC_C_LANGUAGE_STANDARD = gnu99;
				GCC_NO_COMMON_BLOCKS = YES;
				GCC_WARN_64_TO_32_BIT_CONVERSION = YES;
				GCC_WARN_ABOUT_RETURN_TYPE = YES_ERROR;
				GCC_WARN_UNDECLARED_SELECTOR = YES;
				GCC_WARN_UNINITIALIZED_AUTOS = YES_AGGRESSIVE;
				GCC_WARN_UNUSED_FUNCTION = YES;
				GCC_WARN_UNUSED_VARIABLE = YES;
				IPHONEOS_DEPLOYMENT_TARGET = 8.4;
				MTL_ENABLE_DEBUG_INFO = NO;
				SDKROOT = iphoneos;
				TARGETED_DEVICE_FAMILY = "1,2";
				VALIDATE_PRODUCT = YES;
			};
			name = Release;
		};
		687C52B61BA8287900F778CB /* Debug */ = {
			isa = XCBuildConfiguration;
			buildSettings = {
				ASSETCATALOG_COMPILER_APPICON_NAME = AppIcon;
				INFOPLIST_FILE = InterviewTesting/Info.plist;
				LD_RUNPATH_SEARCH_PATHS = "$(inherited) @executable_path/Frameworks";
				PRODUCT_NAME = "$(TARGET_NAME)";
			};
			name = Debug;
		};
		687C52B71BA8287900F778CB /* Release */ = {
			isa = XCBuildConfiguration;
			buildSettings = {
				ASSETCATALOG_COMPILER_APPICON_NAME = AppIcon;
				INFOPLIST_FILE = InterviewTesting/Info.plist;
				LD_RUNPATH_SEARCH_PATHS = "$(inherited) @executable_path/Frameworks";
				PRODUCT_NAME = "$(TARGET_NAME)";
			};
			name = Release;
		};
		687C52B91BA8287900F778CB /* Debug */ = {
			isa = XCBuildConfiguration;
			buildSettings = {
				BUNDLE_LOADER = "$(TEST_HOST)";
				FRAMEWORK_SEARCH_PATHS = (
					"$(SDKROOT)/Developer/Library/Frameworks",
					"$(inherited)",
				);
				GCC_PREPROCESSOR_DEFINITIONS = (
					"DEBUG=1",
					"$(inherited)",
				);
				INFOPLIST_FILE = InterviewTestingTests/Info.plist;
				LD_RUNPATH_SEARCH_PATHS = "$(inherited) @executable_path/Frameworks @loader_path/Frameworks";
				PRODUCT_NAME = "$(TARGET_NAME)";
				TEST_HOST = "$(BUILT_PRODUCTS_DIR)/InterviewTesting.app/InterviewTesting";
			};
			name = Debug;
		};
		687C52BA1BA8287900F778CB /* Release */ = {
			isa = XCBuildConfiguration;
			buildSettings = {
				BUNDLE_LOADER = "$(TEST_HOST)";
				FRAMEWORK_SEARCH_PATHS = (
					"$(SDKROOT)/Developer/Library/Frameworks",
					"$(inherited)",
				);
				INFOPLIST_FILE = InterviewTestingTests/Info.plist;
				LD_RUNPATH_SEARCH_PATHS = "$(inherited) @executable_path/Frameworks @loader_path/Frameworks";
				PRODUCT_NAME = "$(TARGET_NAME)";
				TEST_HOST = "$(BUILT_PRODUCTS_DIR)/InterviewTesting.app/InterviewTesting";
			};
			name = Release;
		};
/* End XCBuildConfiguration section */

/* Begin XCConfigurationList section */
		687C528A1BA8287900F778CB /* Build configuration list for PBXProject "InterviewTesting" */ = {
			isa = XCConfigurationList;
			buildConfigurations = (
				687C52B31BA8287900F778CB /* Debug */,
				687C52B41BA8287900F778CB /* Release */,
			);
			defaultConfigurationIsVisible = 0;
			defaultConfigurationName = Release;
		};
		687C52B51BA8287900F778CB /* Build configuration list for PBXNativeTarget "InterviewTesting" */ = {
			isa = XCConfigurationList;
			buildConfigurations = (
				687C52B61BA8287900F778CB /* Debug */,
				687C52B71BA8287900F778CB /* Release */,
			);
			defaultConfigurationIsVisible = 0;
		};
		687C52B81BA8287900F778CB /* Build configuration list for PBXNativeTarget "InterviewTestingTests" */ = {
			isa = XCConfigurationList;
			buildConfigurations = (
				687C52B91BA8287900F778CB /* Debug */,
				687C52BA1BA8287900F778CB /* Release */,
			);
			defaultConfigurationIsVisible = 0;
		};
/* End XCConfigurationList section */

/* Begin XCVersionGroup section */
		687C52991BA8287900F778CB /* InterviewTesting.xcdatamodeld */ = {
			isa = XCVersionGroup;
			children = (
				687C529A1BA8287900F778CB /* InterviewTesting.xcdatamodel */,
			);
			currentVersion = 687C529A1BA8287900F778CB /* InterviewTesting.xcdatamodel */;
			path = InterviewTesting.xcdatamodeld;
			sourceTree = "<group>";
			versionGroupType = wrapper.xcdatamodel;
		};
/* End XCVersionGroup section */
	};
	rootObject = 687C52871BA8287900F778CB /* Project object */;
}
